
Microsoft Visual Studio Solution File, Format Version 12.00
# Visual Studio Version 17
VisualStudioVersion = 17.0.31919.166
MinimumVisualStudioVersion = 10.0.40219.1
Project("{FAE04EC0-301F-11D3-BF4B-00C04F79EFBC}") = "Exercise1,2,3,4,5,6,7", "Exercise1,2,3,4,5,6,7.csproj", "{36625458-188A-4C63-B41D-59E0508C906D}"
EndProject
Global
	GlobalSection(SolutionConfigurationPlatforms) = preSolution
		Debug|Any CPU = Debug|Any CPU
		Release|Any CPU = Release|Any CPU
	EndGlobalSection
	GlobalSection(ProjectConfigurationPlatforms) = postSolution
		{36625458-188A-4C63-B41D-59E0508C906D}.Debug|Any CPU.ActiveCfg = Debug|Any CPU
		{36625458-188A-4C63-B41D-59E0508C906D}.Debug|Any CPU.Build.0 = Debug|Any CPU
		{36625458-188A-4C63-B41D-59E0508C906D}.Release|Any CPU.ActiveCfg = Release|Any CPU
		{36625458-188A-4C63-B41D-59E0508C906D}.Release|Any CPU.Build.0 = Release|Any CPU
	EndGlobalSection
	GlobalSection(SolutionProperties) = preSolution
		HideSolutionNode = FALSE
	EndGlobalSection
	GlobalSection(ExtensibilityGlobals) = postSolution
		SolutionGuid = {9FEF2C89-7C55-41A7-B316-A553F669ED3A}
	EndGlobalSection
EndGlobal
